// !$*UTF8*$!
{
	archiveVersion = 1;
	classes = {
	};
	objectVersion = 46;
	objects = {

/* Begin PBXBuildFile section */
		CC6AB6751B60268500F701E6 /* ViewControllerRoundStart.m in Sources */ = {isa = PBXBuildFile; fileRef = CC6AB6741B60268500F701E6 /* ViewControllerRoundStart.m */; };
		CCA3107B1AF5527600ED21DE /* main.m in Sources */ = {isa = PBXBuildFile; fileRef = CCA3107A1AF5527600ED21DE /* main.m */; };
		CCA3107E1AF5527600ED21DE /* AppDelegate.m in Sources */ = {isa = PBXBuildFile; fileRef = CCA3107D1AF5527600ED21DE /* AppDelegate.m */; };
		CCA310811AF5527600ED21DE /* ViewControllerGameStart.m in Sources */ = {isa = PBXBuildFile; fileRef = CCA310801AF5527600ED21DE /* ViewControllerGameStart.m */; };
		CCA310841AF5527600ED21DE /* Main.storyboard in Resources */ = {isa = PBXBuildFile; fileRef = CCA310821AF5527600ED21DE /* Main.storyboard */; };
		CCA310861AF5527600ED21DE /* Images.xcassets in Resources */ = {isa = PBXBuildFile; fileRef = CCA310851AF5527600ED21DE /* Images.xcassets */; };
		CCA310891AF5527600ED21DE /* LaunchScreen.xib in Resources */ = {isa = PBXBuildFile; fileRef = CCA310871AF5527600ED21DE /* LaunchScreen.xib */; };
		CCA310951AF5527600ED21DE /* Daedalus_Sentence_CompanionTests.m in Sources */ = {isa = PBXBuildFile; fileRef = CCA310941AF5527600ED21DE /* Daedalus_Sentence_CompanionTests.m */; };
/* End PBXBuildFile section */

/* Begin PBXContainerItemProxy section */
		CCA3108F1AF5527600ED21DE /* PBXContainerItemProxy */ = {
			isa = PBXContainerItemProxy;
			containerPortal = CCA3106D1AF5527600ED21DE /* Project object */;
			proxyType = 1;
			remoteGlobalIDString = CCA310741AF5527600ED21DE;
			remoteInfo = "Daedalus Sentence Companion";
		};
/* End PBXContainerItemProxy section */

/* Begin PBXFileReference section */
		CC6AB6731B60266300F701E6 /* ViewControllerRoundStart.h */ = {isa = PBXFileReference; fileEncoding = 4; lastKnownFileType = sourcecode.c.h; path = ViewControllerRoundStart.h; sourceTree = "<group>"; };
		CC6AB6741B60268500F701E6 /* ViewControllerRoundStart.m */ = {isa = PBXFileReference; fileEncoding = 4; lastKnownFileType = sourcecode.c.objc; path = ViewControllerRoundStart.m; sourceTree = "<group>"; };
		CCA310751AF5527600ED21DE /* Daedalus Sentence Companion.app */ = {isa = PBXFileReference; explicitFileType = wrapper.application; includeInIndex = 0; path = "Daedalus Sentence Companion.app"; sourceTree = BUILT_PRODUCTS_DIR; };
		CCA310791AF5527600ED21DE /* Info.plist */ = {isa = PBXFileReference; lastKnownFileType = text.plist.xml; path = Info.plist; sourceTree = "<group>"; };
		CCA3107A1AF5527600ED21DE /* main.m */ = {isa = PBXFileReference; lastKnownFileType = sourcecode.c.objc; path = main.m; sourceTree = "<group>"; };
		CCA3107C1AF5527600ED21DE /* AppDelegate.h */ = {isa = PBXFileReference; lastKnownFileType = sourcecode.c.h; path = AppDelegate.h; sourceTree = "<group>"; };
		CCA3107D1AF5527600ED21DE /* AppDelegate.m */ = {isa = PBXFileReference; lastKnownFileType = sourcecode.c.objc; path = AppDelegate.m; sourceTree = "<group>"; };
		CCA3107F1AF5527600ED21DE /* ViewControllerGameStart.h */ = {isa = PBXFileReference; lastKnownFileType = sourcecode.c.h; path = ViewControllerGameStart.h; sourceTree = "<group>"; };
		CCA310801AF5527600ED21DE /* ViewControllerGameStart.m */ = {isa = PBXFileReference; lastKnownFileType = sourcecode.c.objc; path = ViewControllerGameStart.m; sourceTree = "<group>"; };
		CCA310831AF5527600ED21DE /* Base */ = {isa = PBXFileReference; lastKnownFileType = file.storyboard; name = Base; path = Base.lproj/Main.storyboard; sourceTree = "<group>"; };
		CCA310851AF5527600ED21DE /* Images.xcassets */ = {isa = PBXFileReference; lastKnownFileType = folder.assetcatalog; path = Images.xcassets; sourceTree = "<group>"; };
		CCA310881AF5527600ED21DE /* Base */ = {isa = PBXFileReference; lastKnownFileType = file.xib; name = Base; path = Base.lproj/LaunchScreen.xib; sourceTree = "<group>"; };
		CCA3108E1AF5527600ED21DE /* Daedalus Sentence CompanionTests.xctest */ = {isa = PBXFileReference; explicitFileType = wrapper.cfbundle; includeInIndex = 0; path = "Daedalus Sentence CompanionTests.xctest"; sourceTree = BUILT_PRODUCTS_DIR; };
		CCA310931AF5527600ED21DE /* Info.plist */ = {isa = PBXFileReference; lastKnownFileType = text.plist.xml; path = Info.plist; sourceTree = "<group>"; };
		CCA310941AF5527600ED21DE /* Daedalus_Sentence_CompanionTests.m */ = {isa = PBXFileReference; lastKnownFileType = sourcecode.c.objc; path = Daedalus_Sentence_CompanionTests.m; sourceTree = "<group>"; };
/* End PBXFileReference section */

/* Begin PBXFrameworksBuildPhase section */
		CCA310721AF5527600ED21DE /* Frameworks */ = {
			isa = PBXFrameworksBuildPhase;
			buildActionMask = 2147483647;
			files = (
			);
			runOnlyForDeploymentPostprocessing = 0;
		};
		CCA3108B1AF5527600ED21DE /* Frameworks */ = {
			isa = PBXFrameworksBuildPhase;
			buildActionMask = 2147483647;
			files = (
			);
			runOnlyForDeploymentPostprocessing = 0;
		};
/* End PBXFrameworksBuildPhase section */

/* Begin PBXGroup section */
		CCA3106C1AF5527600ED21DE = {
			isa = PBXGroup;
			children = (
				CCA310771AF5527600ED21DE /* Daedalus Sentence Companion */,
				CCA310911AF5527600ED21DE /* Daedalus Sentence CompanionTests */,
				CCA310761AF5527600ED21DE /* Products */,
			);
			sourceTree = "<group>";
		};
		CCA310761AF5527600ED21DE /* Products */ = {
			isa = PBXGroup;
			children = (
				CCA310751AF5527600ED21DE /* Daedalus Sentence Companion.app */,
				CCA3108E1AF5527600ED21DE /* Daedalus Sentence CompanionTests.xctest */,
			);
			name = Products;
			sourceTree = "<group>";
		};
		CCA310771AF5527600ED21DE /* Daedalus Sentence Companion */ = {
			isa = PBXGroup;
			children = (
				CCA3107C1AF5527600ED21DE /* AppDelegate.h */,
				CCA3107D1AF5527600ED21DE /* AppDelegate.m */,
				CCA3107F1AF5527600ED21DE /* ViewControllerGameStart.h */,
				CCA310801AF5527600ED21DE /* ViewControllerGameStart.m */,
				CCA310821AF5527600ED21DE /* Main.storyboard */,
				CCA310851AF5527600ED21DE /* Images.xcassets */,
				CCA310871AF5527600ED21DE /* LaunchScreen.xib */,
				CCA310781AF5527600ED21DE /* Supporting Files */,
				CC6AB6731B60266300F701E6 /* ViewControllerRoundStart.h */,
				CC6AB6741B60268500F701E6 /* ViewControllerRoundStart.m */,
			);
			path = "Daedalus Sentence Companion";
			sourceTree = "<group>";
		};
		CCA310781AF5527600ED21DE /* Supporting Files */ = {
			isa = PBXGroup;
			children = (
				CCA310791AF5527600ED21DE /* Info.plist */,
				CCA3107A1AF5527600ED21DE /* main.m */,
			);
			name = "Supporting Files";
			sourceTree = "<group>";
		};
		CCA310911AF5527600ED21DE /* Daedalus Sentence CompanionTests */ = {
			isa = PBXGroup;
			children = (
				CCA310941AF5527600ED21DE /* Daedalus_Sentence_CompanionTests.m */,
				CCA310921AF5527600ED21DE /* Supporting Files */,
			);
			path = "Daedalus Sentence CompanionTests";
			sourceTree = "<group>";
		};
		CCA310921AF5527600ED21DE /* Supporting Files */ = {
			isa = PBXGroup;
			children = (
				CCA310931AF5527600ED21DE /* Info.plist */,
			);
			name = "Supporting Files";
			sourceTree = "<group>";
		};
/* End PBXGroup section */

/* Begin PBXNativeTarget section */
		CCA310741AF5527600ED21DE /* Daedalus Sentence Companion */ = {
			isa = PBXNativeTarget;
			buildConfigurationList = CCA310981AF5527600ED21DE /* Build configuration list for PBXNativeTarget "Daedalus Sentence Companion" */;
			buildPhases = (
				CCA310711AF5527600ED21DE /* Sources */,
				CCA310721AF5527600ED21DE /* Frameworks */,
				CCA310731AF5527600ED21DE /* Resources */,
			);
			buildRules = (
			);
			dependencies = (
			);
			name = "Daedalus Sentence Companion";
			productName = "Daedalus Sentence Companion";
			productReference = CCA310751AF5527600ED21DE /* Daedalus Sentence Companion.app */;
			productType = "com.apple.product-type.application";
		};
		CCA3108D1AF5527600ED21DE /* Daedalus Sentence CompanionTests */ = {
			isa = PBXNativeTarget;
			buildConfigurationList = CCA3109B1AF5527600ED21DE /* Build configuration list for PBXNativeTarget "Daedalus Sentence CompanionTests" */;
			buildPhases = (
				CCA3108A1AF5527600ED21DE /* Sources */,
				CCA3108B1AF5527600ED21DE /* Frameworks */,
				CCA3108C1AF5527600ED21DE /* Resources */,
			);
			buildRules = (
			);
			dependencies = (
				CCA310901AF5527600ED21DE /* PBXTargetDependency */,
			);
			name = "Daedalus Sentence CompanionTests";
			productName = "Daedalus Sentence CompanionTests";
			productReference = CCA3108E1AF5527600ED21DE /* Daedalus Sentence CompanionTests.xctest */;
			productType = "com.apple.product-type.bundle.unit-test";
		};
/* End PBXNativeTarget section */

/* Begin PBXProject section */
		CCA3106D1AF5527600ED21DE /* Project object */ = {
			isa = PBXProject;
			attributes = {
				LastUpgradeCheck = 0630;
				ORGANIZATIONNAME = "Cripplefish Games";
				TargetAttributes = {
					CCA310741AF5527600ED21DE = {
						CreatedOnToolsVersion = 6.3.1;
					};
					CCA3108D1AF5527600ED21DE = {
						CreatedOnToolsVersion = 6.3.1;
						TestTargetID = CCA310741AF5527600ED21DE;
					};
				};
			};
			buildConfigurationList = CCA310701AF5527600ED21DE /* Build configuration list for PBXProject "Daedalus Sentence Companion" */;
			compatibilityVersion = "Xcode 3.2";
			developmentRegion = English;
			hasScannedForEncodings = 0;
			knownRegions = (
				en,
				Base,
			);
			mainGroup = CCA3106C1AF5527600ED21DE;
			productRefGroup = CCA310761AF5527600ED21DE /* Products */;
			projectDirPath = "";
			projectRoot = "";
			targets = (
				CCA310741AF5527600ED21DE /* Daedalus Sentence Companion */,
				CCA3108D1AF5527600ED21DE /* Daedalus Sentence CompanionTests */,
			);
		};
/* End PBXProject section */

/* Begin PBXResourcesBuildPhase section */
		CCA310731AF5527600ED21DE /* Resources */ = {
			isa = PBXResourcesBuildPhase;
			buildActionMask = 2147483647;
			files = (
				CCA310841AF5527600ED21DE /* Main.storyboard in Resources */,
				CCA310891AF5527600ED21DE /* LaunchScreen.xib in Resources */,
				CCA310861AF5527600ED21DE /* Images.xcassets in Resources */,
			);
			runOnlyForDeploymentPostprocessing = 0;
		};
		CCA3108C1AF5527600ED21DE /* Resources */ = {
			isa = PBXResourcesBuildPhase;
			buildActionMask = 2147483647;
			files = (
			);
			runOnlyForDeploymentPostprocessing = 0;
		};
/* End PBXResourcesBuildPhase section */

/* Begin PBXSourcesBuildPhase section */
		CCA310711AF5527600ED21DE /* Sources */ = {
			isa = PBXSourcesBuildPhase;
			buildActionMask = 2147483647;
			files = (
				CC6AB6751B60268500F701E6 /* ViewControllerRoundStart.m in Sources */,
				CCA310811AF5527600ED21DE /* ViewControllerGameStart.m in Sources */,
				CCA3107E1AF5527600ED21DE /* AppDelegate.m in Sources */,
				CCA3107B1AF5527600ED21DE /* main.m in Sources */,
			);
			runOnlyForDeploymentPostprocessing = 0;
		};
		CCA3108A1AF5527600ED21DE /* Sources */ = {
			isa = PBXSourcesBuildPhase;
			buildActionMask = 2147483647;
			files = (
				CCA310951AF5527600ED21DE /* Daedalus_Sentence_CompanionTests.m in Sources */,
			);
			runOnlyForDeploymentPostprocessing = 0;
		};
/* End PBXSourcesBuildPhase section */

/* Begin PBXTargetDependency section */
		CCA310901AF5527600ED21DE /* PBXTargetDependency */ = {
			isa = PBXTargetDependency;
			target = CCA310741AF5527600ED21DE /* Daedalus Sentence Companion */;
			targetProxy = CCA3108F1AF5527600ED21DE /* PBXContainerItemProxy */;
		};
/* End PBXTargetDependency section */

/* Begin PBXVariantGroup section */
		CCA310821AF5527600ED21DE /* Main.storyboard */ = {
			isa = PBXVariantGroup;
			children = (
				CCA310831AF5527600ED21DE /* Base */,
			);
			name = Main.storyboard;
			sourceTree = "<group>";
		};
		CCA310871AF5527600ED21DE /* LaunchScreen.xib */ = {
			isa = PBXVariantGroup;
			children = (
				CCA310881AF5527600ED21DE /* Base */,
			);
			name = LaunchScreen.xib;
			sourceTree = "<group>";
		};
/* End PBXVariantGroup section */

/* Begin XCBuildConfiguration section */
		CCA310961AF5527600ED21DE /* Debug */ = {
			isa = XCBuildConfiguration;
			buildSettings = {
				ALWAYS_SEARCH_USER_PATHS = NO;
				CLANG_CXX_LANGUAGE_STANDARD = "gnu++0x";
				CLANG_CXX_LIBRARY = "libc++";
				CLANG_ENABLE_MODULES = YES;
				CLANG_ENABLE_OBJC_ARC = YES;
				CLANG_WARN_BOOL_CONVERSION = YES;
				CLANG_WARN_CONSTANT_CONVERSION = YES;
				CLANG_WARN_DIRECT_OBJC_ISA_USAGE = YES_ERROR;
				CLANG_WARN_EMPTY_BODY = YES;
				CLANG_WARN_ENUM_CONVERSION = YES;
				CLANG_WARN_INT_CONVERSION = YES;
				CLANG_WARN_OBJC_ROOT_CLASS = YES_ERROR;
				CLANG_WARN_UNREACHABLE_CODE = YES;
				CLANG_WARN__DUPLICATE_METHOD_MATCH = YES;
				"CODE_SIGN_IDENTITY[sdk=iphoneos*]" = "iPhone Developer";
				COPY_PHASE_STRIP = NO;
				DEBUG_INFORMATION_FORMAT = "dwarf-with-dsym";
				ENABLE_STRICT_OBJC_MSGSEND = YES;
				GCC_C_LANGUAGE_STANDARD = gnu99;
				GCC_DYNAMIC_NO_PIC = NO;
				GCC_NO_COMMON_BLOCKS = YES;
				GCC_OPTIMIZATION_LEVEL = 0;
				GCC_PREPROCESSOR_DEFINITIONS = (
					"DEBUG=1",
					"$(inherited)",
				);
				GCC_SYMBOLS_PRIVATE_EXTERN = NO;
				GCC_WARN_64_TO_32_BIT_CONVERSION = YES;
				GCC_WARN_ABOUT_RETURN_TYPE = YES_ERROR;
				GCC_WARN_UNDECLARED_SELECTOR = YES;
				GCC_WARN_UNINITIALIZED_AUTOS = YES_AGGRESSIVE;
				GCC_WARN_UNUSED_FUNCTION = YES;
				GCC_WARN_UNUSED_VARIABLE = YES;
				IPHONEOS_DEPLOYMENT_TARGET = 8.3;
				MTL_ENABLE_DEBUG_INFO = YES;
				ONLY_ACTIVE_ARCH = YES;
				SDKROOT = iphoneos;
				TARGETED_DEVICE_FAMILY = "1,2";
			};
			name = Debug;
		};
		CCA310971AF5527600ED21DE /* Release */ = {
			isa = XCBuildConfiguration;
			buildSettings = {
				ALWAYS_SEARCH_USER_PATHS = NO;
				CLANG_CXX_LANGUAGE_STANDARD = "gnu++0x";
				CLANG_CXX_LIBRARY = "libc++";
				CLANG_ENABLE_MODULES = YES;
				CLANG_ENABLE_OBJC_ARC = YES;
				CLANG_WARN_BOOL_CONVERSION = YES;
				CLANG_WARN_CONSTANT_CONVERSION = YES;
				CLANG_WARN_DIRECT_OBJC_ISA_USAGE = YES_ERROR;
				CLANG_WARN_EMPTY_BODY = YES;
				CLANG_WARN_ENUM_CONVERSION = YES;
				CLANG_WARN_INT_CONVERSION = YES;
				CLANG_WARN_OBJC_ROOT_CLASS = YES_ERROR;
				CLANG_WARN_UNREACHABLE_CODE = YES;
				CLANG_WARN__DUPLICATE_METHOD_MATCH = YES;
				"CODE_SIGN_IDENTITY[sdk=iphoneos*]" = "iPhone Developer";
				COPY_PHASE_STRIP = NO;
				DEBUG_INFORMATION_FORMAT = "dwarf-with-dsym";
				ENABLE_NS_ASSERTIONS = NO;
				ENABLE_STRICT_OBJC_MSGSEND = YES;
				GCC_C_LANGUAGE_STANDARD = gnu99;
				GCC_NO_COMMON_BLOCKS = YES;
				GCC_WARN_64_TO_32_BIT_CONVERSION = YES;
				GCC_WARN_ABOUT_RETURN_TYPE = YES_ERROR;
				GCC_WARN_UNDECLARED_SELECTOR = YES;
				GCC_WARN_UNINITIALIZED_AUTOS = YES_AGGRESSIVE;
				GCC_WARN_UNUSED_FUNCTION = YES;
				GCC_WARN_UNUSED_VARIABLE = YES;
				IPHONEOS_DEPLOYMENT_TARGET = 8.3;
				MTL_ENABLE_DEBUG_INFO = NO;
				SDKROOT = iphoneos;
				TARGETED_DEVICE_FAMILY = "1,2";
				VALIDATE_PRODUCT = YES;
			};
			name = Release;
		};
		CCA310991AF5527600ED21DE /* Debug */ = {
			isa = XCBuildConfiguration;
			buildSettings = {
				ASSETCATALOG_COMPILER_APPICON_NAME = AppIcon;
				INFOPLIST_FILE = "Daedalus Sentence Companion/Info.plist";
				LD_RUNPATH_SEARCH_PATHS = "$(inherited) @executable_path/Frameworks";
				PRODUCT_NAME = "$(TARGET_NAME)";
			};
			name = Debug;
		};
		CCA3109A1AF5527600ED21DE /* Release */ = {
			isa = XCBuildConfiguration;
			buildSettings = {
				ASSETCATALOG_COMPILER_APPICON_NAME = AppIcon;
				INFOPLIST_FILE = "Daedalus Sentence Companion/Info.plist";
				LD_RUNPATH_SEARCH_PATHS = "$(inherited) @executable_path/Frameworks";
				PRODUCT_NAME = "$(TARGET_NAME)";
			};
			name = Release;
		};
		CCA3109C1AF5527600ED21DE /* Debug */ = {
			isa = XCBuildConfiguration;
			buildSettings = {
				BUNDLE_LOADER = "$(TEST_HOST)";
				FRAMEWORK_SEARCH_PATHS = (
					"$(SDKROOT)/Developer/Library/Frameworks",
					"$(inherited)",
				);
				GCC_PREPROCESSOR_DEFINITIONS = (
					"DEBUG=1",
					"$(inherited)",
				);
				INFOPLIST_FILE = "Daedalus Sentence CompanionTests/Info.plist";
				LD_RUNPATH_SEARCH_PATHS = "$(inherited) @executable_path/Frameworks @loader_path/Frameworks";
				PRODUCT_NAME = "$(TARGET_NAME)";
				TEST_HOST = "$(BUILT_PRODUCTS_DIR)/Daedalus Sentence Companion.app/Daedalus Sentence Companion";
			};
			name = Debug;
		};
		CCA3109D1AF5527600ED21DE /* Release */ = {
			isa = XCBuildConfiguration;
			buildSettings = {
				BUNDLE_LOADER = "$(TEST_HOST)";
				FRAMEWORK_SEARCH_PATHS = (
					"$(SDKROOT)/Developer/Library/Frameworks",
					"$(inherited)",
				);
				INFOPLIST_FILE = "Daedalus Sentence CompanionTests/Info.plist";
				LD_RUNPATH_SEARCH_PATHS = "$(inherited) @executable_path/Frameworks @loader_path/Frameworks";
				PRODUCT_NAME = "$(TARGET_NAME)";
				TEST_HOST = "$(BUILT_PRODUCTS_DIR)/Daedalus Sentence Companion.app/Daedalus Sentence Companion";
			};
			name = Release;
		};
/* End XCBuildConfiguration section */

/* Begin XCConfigurationList section */
		CCA310701AF5527600ED21DE /* Build configuration list for PBXProject "Daedalus Sentence Companion" */ = {
			isa = XCConfigurationList;
			buildConfigurations = (
				CCA310961AF5527600ED21DE /* Debug */,
				CCA310971AF5527600ED21DE /* Release */,
			);
			defaultConfigurationIsVisible = 0;
			defaultConfigurationName = Release;
		};
		CCA310981AF5527600ED21DE /* Build configuration list for PBXNativeTarget "Daedalus Sentence Companion" */ = {
			isa = XCConfigurationList;
			buildConfigurations = (
				CCA310991AF5527600ED21DE /* Debug */,
				CCA3109A1AF5527600ED21DE /* Release */,
			);
			defaultConfigurationIsVisible = 0;
			defaultConfigurationName = Release;
		};
		CCA3109B1AF5527600ED21DE /* Build configuration list for PBXNativeTarget "Daedalus Sentence CompanionTests" */ = {
			isa = XCConfigurationList;
			buildConfigurations = (
				CCA3109C1AF5527600ED21DE /* Debug */,
				CCA3109D1AF5527600ED21DE /* Release */,
			);
			defaultConfigurationIsVisible = 0;
			defaultConfigurationName = Release;
		};
/* End XCConfigurationList section */
	};
	rootObject = CCA3106D1AF5527600ED21DE /* Project object */;
}
